
Microsoft Visual Studio Solution File, Format Version 12.00
# Visual Studio 14
VisualStudioVersion = 14.0.25420.1
MinimumVisualStudioVersion = 10.0.40219.1
Project("{F184B08F-C81C-45F6-A57F-5ABD9991F28F}") = "Navegador", "Navegador\Navegador.vbproj", "{ED10EDCB-9ABF-4AD5-A335-2D9FB80B51B6}"
EndProject
Global
	GlobalSection(SolutionConfigurationPlatforms) = preSolution
		Debug|Any CPU = Debug|Any CPU
		Release|Any CPU = Release|Any CPU
	EndGlobalSection
	GlobalSection(ProjectConfigurationPlatforms) = postSolution
		{ED10EDCB-9ABF-4AD5-A335-2D9FB80B51B6}.Debug|Any CPU.ActiveCfg = Debug|Any CPU
		{ED10EDCB-9ABF-4AD5-A335-2D9FB80B51B6}.Debug|Any CPU.Build.0 = Debug|Any CPU
		{ED10EDCB-9ABF-4AD5-A335-2D9FB80B51B6}.Release|Any CPU.ActiveCfg = Release|Any CPU
		{ED10EDCB-9ABF-4AD5-A335-2D9FB80B51B6}.Release|Any CPU.Build.0 = Release|Any CPU
	EndGlobalSection
	GlobalSection(SolutionProperties) = preSolution
		HideSolutionNode = FALSE
	EndGlobalSection
EndGlobal
