
Microsoft Visual Studio Solution File, Format Version 12.00
# Visual Studio 14
VisualStudioVersion = 14.0.25420.1
MinimumVisualStudioVersion = 10.0.40219.1
Project("{F184B08F-C81C-45F6-A57F-5ABD9991F28F}") = "ejemplo contenedores", "ejemplo contenedores\ejemplo contenedores.vbproj", "{494A5338-7BB4-4847-B403-CB4457BC851D}"
EndProject
Global
	GlobalSection(SolutionConfigurationPlatforms) = preSolution
		Debug|Any CPU = Debug|Any CPU
		Release|Any CPU = Release|Any CPU
	EndGlobalSection
	GlobalSection(ProjectConfigurationPlatforms) = postSolution
		{494A5338-7BB4-4847-B403-CB4457BC851D}.Debug|Any CPU.ActiveCfg = Debug|Any CPU
		{494A5338-7BB4-4847-B403-CB4457BC851D}.Debug|Any CPU.Build.0 = Debug|Any CPU
		{494A5338-7BB4-4847-B403-CB4457BC851D}.Release|Any CPU.ActiveCfg = Release|Any CPU
		{494A5338-7BB4-4847-B403-CB4457BC851D}.Release|Any CPU.Build.0 = Release|Any CPU
	EndGlobalSection
	GlobalSection(SolutionProperties) = preSolution
		HideSolutionNode = FALSE
	EndGlobalSection
EndGlobal
